{
  "name": "adri-fluid-dark",
  "version": "1.0.0",
  "lockfileVersion": 3,
  "requires": true,
  "packages": {
    "": {
      "name": "adri-fluid-dark",
      "version": "1.0.0",
      "license": "ISC",
      "dependencies": {
        "duplexer": "^0.1.2",
        "event-stream": "^3.3.5",
        "from": "^0.1.7",
        "map-stream": "^0.0.7",
        "pause-stream": "^0.0.11",
        "sax": "^0.6.1",
        "split": "^1.0.1",
        "stream-combiner": "^0.2.2",
        "through": "^2.3.8",
        "xmldoc": "^0.1.4"
      },
      "devDependencies": {
        "node-hwp": "^0.1.0-alpha"
      }
    },
    "node_modules/duplexer": {
      "version": "0.1.2",
      "license": "MIT"
    },
    "node_modules/event-stream": {
      "version": "3.3.5",
      "license": "MIT",
      "dependencies": {
        "duplexer": "^0.1.1",
        "from": "^0.1.7",
        "map-stream": "0.0.7",
        "pause-stream": "^0.0.11",
        "split": "^1.0.1",
        "stream-combiner": "^0.2.2",
        "through": "^2.3.8"
      }
    },
    "node_modules/from": {
      "version": "0.1.7",
      "license": "MIT"
    },
    "node_modules/map-stream": {
      "version": "0.0.7",
      "license": "MIT"
    },
    "node_modules/node-hwp": {
      "version": "0.1.0-alpha",
      "resolved": "https://registry.npmjs.org/node-hwp/-/node-hwp-0.1.0-alpha.tgz",
      "integrity": "sha512-/gbF+eR76fRwwyasS1VFyWPjqSnB1GQYkiI4vbg++/ICmyh+UorbpZ5pdtsvdvrou0DESNbYRa/QiTT2Ynk4og==",
      "dev": true,
      "license": "MIT",
      "dependencies": {
        "event-stream": "^3.1.1",
        "xmldoc": "^0.1.2"
      },
      "bin": {
        "node-hwp": "bin/node-hwp.js"
      }
    },
    "node_modules/pause-stream": {
      "version": "0.0.11",
      "license": [
        "MIT",
        "Apache2"
      ],
      "dependencies": {
        "through": "~2.3"
      }
    },
    "node_modules/sax": {
      "version": "0.6.1",
      "license": "BSD"
    },
    "node_modules/split": {
      "version": "1.0.1",
      "license": "MIT",
      "dependencies": {
        "through": "2"
      },
      "engines": {
        "node": "*"
      }
    },
    "node_modules/stream-combiner": {
      "version": "0.2.2",
      "license": "MIT",
      "dependencies": {
        "duplexer": "~0.1.1",
        "through": "~2.3.4"
      }
    },
    "node_modules/through": {
      "version": "2.3.8",
      "license": "MIT"
    },
    "node_modules/xmldoc": {
      "version": "0.1.4",
      "license": "MIT",
      "dependencies": {
        "sax": "~0.6.1"
      }
    }
  }
}
